
Microsoft Visual Studio Solution File, Format Version 12.00
# Visual Studio Version 17
VisualStudioVersion = 17.13.35931.197 d17.13
MinimumVisualStudioVersion = 10.0.40219.1
Project("{FAE04EC0-301F-11D3-BF4B-00C04F79EFBC}") = "Day29_4_2", "Day29_4_2\Day29_4_2.csproj", "{8ECC729B-EAE6-4D97-A372-53A0EA700371}"
EndProject
Global
	GlobalSection(SolutionConfigurationPlatforms) = preSolution
		Debug|Any CPU = Debug|Any CPU
		Release|Any CPU = Release|Any CPU
	EndGlobalSection
	GlobalSection(ProjectConfigurationPlatforms) = postSolution
		{8ECC729B-EAE6-4D97-A372-53A0EA700371}.Debug|Any CPU.ActiveCfg = Debug|Any CPU
		{8ECC729B-EAE6-4D97-A372-53A0EA700371}.Debug|Any CPU.Build.0 = Debug|Any CPU
		{8ECC729B-EAE6-4D97-A372-53A0EA700371}.Release|Any CPU.ActiveCfg = Release|Any CPU
		{8ECC729B-EAE6-4D97-A372-53A0EA700371}.Release|Any CPU.Build.0 = Release|Any CPU
	EndGlobalSection
	GlobalSection(SolutionProperties) = preSolution
		HideSolutionNode = FALSE
	EndGlobalSection
	GlobalSection(ExtensibilityGlobals) = postSolution
		SolutionGuid = {6097AB4E-3151-4D9B-B6DC-2562178335FA}
	EndGlobalSection
EndGlobal
