
Microsoft Visual Studio Solution File, Format Version 12.00
# Visual Studio Version 17
VisualStudioVersion = 17.0.31903.59
MinimumVisualStudioVersion = 10.0.40219.1
Project("{FAE04EC0-301F-11D3-BF4B-00C04F79EFBC}") = "Task1", "Task1\Task1.csproj", "{28ED623A-582B-4836-BA69-ADBE92AA307C}"
EndProject
Project("{FAE04EC0-301F-11D3-BF4B-00C04F79EFBC}") = "Task3", "Task3\Task3.csproj", "{12CB1770-2A25-4008-99FA-3B8006FACF4D}"
EndProject
Project("{FAE04EC0-301F-11D3-BF4B-00C04F79EFBC}") = "Task4", "Task4\Task4.csproj", "{E5C2AF9D-32FC-4F4A-8F1C-E608398B8584}"
EndProject
Project("{FAE04EC0-301F-11D3-BF4B-00C04F79EFBC}") = "Task5", "Task5\Task5.csproj", "{B11692BA-658D-45AF-B875-B93B07372499}"
EndProject
Project("{FAE04EC0-301F-11D3-BF4B-00C04F79EFBC}") = "Task6", "Task6\Task6.csproj", "{4C936E9D-06E1-4821-B0A9-FB078BDBDB55}"
EndProject
Project("{FAE04EC0-301F-11D3-BF4B-00C04F79EFBC}") = "Task7", "Task7\Task7.csproj", "{412AAAEA-9E73-416B-B747-C38291B6B309}"
EndProject
Project("{FAE04EC0-301F-11D3-BF4B-00C04F79EFBC}") = "Task8", "Task8\Task8.csproj", "{652CEE22-AC00-4C83-951F-B2BDAD9CDC01}"
EndProject
Project("{FAE04EC0-301F-11D3-BF4B-00C04F79EFBC}") = "Task9", "Task9\Task9.csproj", "{721EAE7C-C99B-43E9-BF02-D9D2D42FA9CD}"
EndProject
Project("{FAE04EC0-301F-11D3-BF4B-00C04F79EFBC}") = "Task10", "Task10\Task10.csproj", "{5E40D1F5-16DF-431A-94A2-83AD937BAC03}"
EndProject
Project("{FAE04EC0-301F-11D3-BF4B-00C04F79EFBC}") = "Task11", "Task11\Task11.csproj", "{B7D60529-AAAE-4954-BE70-072114A9E8B1}"
EndProject
Project("{FAE04EC0-301F-11D3-BF4B-00C04F79EFBC}") = "Task13", "Task13\Task13.csproj", "{725879A9-46D0-4F08-90C6-F11A40CC5BCE}"
EndProject
Project("{FAE04EC0-301F-11D3-BF4B-00C04F79EFBC}") = "Task14", "Task14\Task14.csproj", "{081E7C9E-7171-4C5B-AB79-BB79B67CC63F}"
EndProject
Project("{FAE04EC0-301F-11D3-BF4B-00C04F79EFBC}") = "Task15", "Task15\Task15.csproj", "{B4C6A876-D5CF-465A-8FEB-92801CBC533F}"
EndProject
Project("{FAE04EC0-301F-11D3-BF4B-00C04F79EFBC}") = "Task16", "Task16\Task16.csproj", "{DBB72DA4-CC2B-4B3C-90F7-46CAA18DCC6E}"
EndProject
Global
	GlobalSection(SolutionConfigurationPlatforms) = preSolution
		Debug|Any CPU = Debug|Any CPU
		Debug|x64 = Debug|x64
		Debug|x86 = Debug|x86
		Release|Any CPU = Release|Any CPU
		Release|x64 = Release|x64
		Release|x86 = Release|x86
	EndGlobalSection
	GlobalSection(ProjectConfigurationPlatforms) = postSolution
		{28ED623A-582B-4836-BA69-ADBE92AA307C}.Debug|Any CPU.ActiveCfg = Debug|Any CPU
		{28ED623A-582B-4836-BA69-ADBE92AA307C}.Debug|Any CPU.Build.0 = Debug|Any CPU
		{28ED623A-582B-4836-BA69-ADBE92AA307C}.Debug|x64.ActiveCfg = Debug|Any CPU
		{28ED623A-582B-4836-BA69-ADBE92AA307C}.Debug|x64.Build.0 = Debug|Any CPU
		{28ED623A-582B-4836-BA69-ADBE92AA307C}.Debug|x86.ActiveCfg = Debug|Any CPU
		{28ED623A-582B-4836-BA69-ADBE92AA307C}.Debug|x86.Build.0 = Debug|Any CPU
		{28ED623A-582B-4836-BA69-ADBE92AA307C}.Release|Any CPU.ActiveCfg = Release|Any CPU
		{28ED623A-582B-4836-BA69-ADBE92AA307C}.Release|Any CPU.Build.0 = Release|Any CPU
		{28ED623A-582B-4836-BA69-ADBE92AA307C}.Release|x64.ActiveCfg = Release|Any CPU
		{28ED623A-582B-4836-BA69-ADBE92AA307C}.Release|x64.Build.0 = Release|Any CPU
		{28ED623A-582B-4836-BA69-ADBE92AA307C}.Release|x86.ActiveCfg = Release|Any CPU
		{28ED623A-582B-4836-BA69-ADBE92AA307C}.Release|x86.Build.0 = Release|Any CPU
		{12CB1770-2A25-4008-99FA-3B8006FACF4D}.Debug|Any CPU.ActiveCfg = Debug|Any CPU
		{12CB1770-2A25-4008-99FA-3B8006FACF4D}.Debug|Any CPU.Build.0 = Debug|Any CPU
		{12CB1770-2A25-4008-99FA-3B8006FACF4D}.Debug|x64.ActiveCfg = Debug|Any CPU
		{12CB1770-2A25-4008-99FA-3B8006FACF4D}.Debug|x64.Build.0 = Debug|Any CPU
		{12CB1770-2A25-4008-99FA-3B8006FACF4D}.Debug|x86.ActiveCfg = Debug|Any CPU
		{12CB1770-2A25-4008-99FA-3B8006FACF4D}.Debug|x86.Build.0 = Debug|Any CPU
		{12CB1770-2A25-4008-99FA-3B8006FACF4D}.Release|Any CPU.ActiveCfg = Release|Any CPU
		{12CB1770-2A25-4008-99FA-3B8006FACF4D}.Release|Any CPU.Build.0 = Release|Any CPU
		{12CB1770-2A25-4008-99FA-3B8006FACF4D}.Release|x64.ActiveCfg = Release|Any CPU
		{12CB1770-2A25-4008-99FA-3B8006FACF4D}.Release|x64.Build.0 = Release|Any CPU
		{12CB1770-2A25-4008-99FA-3B8006FACF4D}.Release|x86.ActiveCfg = Release|Any CPU
		{12CB1770-2A25-4008-99FA-3B8006FACF4D}.Release|x86.Build.0 = Release|Any CPU
		{E5C2AF9D-32FC-4F4A-8F1C-E608398B8584}.Debug|Any CPU.ActiveCfg = Debug|Any CPU
		{E5C2AF9D-32FC-4F4A-8F1C-E608398B8584}.Debug|Any CPU.Build.0 = Debug|Any CPU
		{E5C2AF9D-32FC-4F4A-8F1C-E608398B8584}.Debug|x64.ActiveCfg = Debug|Any CPU
		{E5C2AF9D-32FC-4F4A-8F1C-E608398B8584}.Debug|x64.Build.0 = Debug|Any CPU
		{E5C2AF9D-32FC-4F4A-8F1C-E608398B8584}.Debug|x86.ActiveCfg = Debug|Any CPU
		{E5C2AF9D-32FC-4F4A-8F1C-E608398B8584}.Debug|x86.Build.0 = Debug|Any CPU
		{E5C2AF9D-32FC-4F4A-8F1C-E608398B8584}.Release|Any CPU.ActiveCfg = Release|Any CPU
		{E5C2AF9D-32FC-4F4A-8F1C-E608398B8584}.Release|Any CPU.Build.0 = Release|Any CPU
		{E5C2AF9D-32FC-4F4A-8F1C-E608398B8584}.Release|x64.ActiveCfg = Release|Any CPU
		{E5C2AF9D-32FC-4F4A-8F1C-E608398B8584}.Release|x64.Build.0 = Release|Any CPU
		{E5C2AF9D-32FC-4F4A-8F1C-E608398B8584}.Release|x86.ActiveCfg = Release|Any CPU
		{E5C2AF9D-32FC-4F4A-8F1C-E608398B8584}.Release|x86.Build.0 = Release|Any CPU
		{B11692BA-658D-45AF-B875-B93B07372499}.Debug|Any CPU.ActiveCfg = Debug|Any CPU
		{B11692BA-658D-45AF-B875-B93B07372499}.Debug|Any CPU.Build.0 = Debug|Any CPU
		{B11692BA-658D-45AF-B875-B93B07372499}.Debug|x64.ActiveCfg = Debug|Any CPU
		{B11692BA-658D-45AF-B875-B93B07372499}.Debug|x64.Build.0 = Debug|Any CPU
		{B11692BA-658D-45AF-B875-B93B07372499}.Debug|x86.ActiveCfg = Debug|Any CPU
		{B11692BA-658D-45AF-B875-B93B07372499}.Debug|x86.Build.0 = Debug|Any CPU
		{B11692BA-658D-45AF-B875-B93B07372499}.Release|Any CPU.ActiveCfg = Release|Any CPU
		{B11692BA-658D-45AF-B875-B93B07372499}.Release|Any CPU.Build.0 = Release|Any CPU
		{B11692BA-658D-45AF-B875-B93B07372499}.Release|x64.ActiveCfg = Release|Any CPU
		{B11692BA-658D-45AF-B875-B93B07372499}.Release|x64.Build.0 = Release|Any CPU
		{B11692BA-658D-45AF-B875-B93B07372499}.Release|x86.ActiveCfg = Release|Any CPU
		{B11692BA-658D-45AF-B875-B93B07372499}.Release|x86.Build.0 = Release|Any CPU
		{4C936E9D-06E1-4821-B0A9-FB078BDBDB55}.Debug|Any CPU.ActiveCfg = Debug|Any CPU
		{4C936E9D-06E1-4821-B0A9-FB078BDBDB55}.Debug|Any CPU.Build.0 = Debug|Any CPU
		{4C936E9D-06E1-4821-B0A9-FB078BDBDB55}.Debug|x64.ActiveCfg = Debug|Any CPU
		{4C936E9D-06E1-4821-B0A9-FB078BDBDB55}.Debug|x64.Build.0 = Debug|Any CPU
		{4C936E9D-06E1-4821-B0A9-FB078BDBDB55}.Debug|x86.ActiveCfg = Debug|Any CPU
		{4C936E9D-06E1-4821-B0A9-FB078BDBDB55}.Debug|x86.Build.0 = Debug|Any CPU
		{4C936E9D-06E1-4821-B0A9-FB078BDBDB55}.Release|Any CPU.ActiveCfg = Release|Any CPU
		{4C936E9D-06E1-4821-B0A9-FB078BDBDB55}.Release|Any CPU.Build.0 = Release|Any CPU
		{4C936E9D-06E1-4821-B0A9-FB078BDBDB55}.Release|x64.ActiveCfg = Release|Any CPU
		{4C936E9D-06E1-4821-B0A9-FB078BDBDB55}.Release|x64.Build.0 = Release|Any CPU
		{4C936E9D-06E1-4821-B0A9-FB078BDBDB55}.Release|x86.ActiveCfg = Release|Any CPU
		{4C936E9D-06E1-4821-B0A9-FB078BDBDB55}.Release|x86.Build.0 = Release|Any CPU
		{412AAAEA-9E73-416B-B747-C38291B6B309}.Debug|Any CPU.ActiveCfg = Debug|Any CPU
		{412AAAEA-9E73-416B-B747-C38291B6B309}.Debug|Any CPU.Build.0 = Debug|Any CPU
		{412AAAEA-9E73-416B-B747-C38291B6B309}.Debug|x64.ActiveCfg = Debug|Any CPU
		{412AAAEA-9E73-416B-B747-C38291B6B309}.Debug|x64.Build.0 = Debug|Any CPU
		{412AAAEA-9E73-416B-B747-C38291B6B309}.Debug|x86.ActiveCfg = Debug|Any CPU
		{412AAAEA-9E73-416B-B747-C38291B6B309}.Debug|x86.Build.0 = Debug|Any CPU
		{412AAAEA-9E73-416B-B747-C38291B6B309}.Release|Any CPU.ActiveCfg = Release|Any CPU
		{412AAAEA-9E73-416B-B747-C38291B6B309}.Release|Any CPU.Build.0 = Release|Any CPU
		{412AAAEA-9E73-416B-B747-C38291B6B309}.Release|x64.ActiveCfg = Release|Any CPU
		{412AAAEA-9E73-416B-B747-C38291B6B309}.Release|x64.Build.0 = Release|Any CPU
		{412AAAEA-9E73-416B-B747-C38291B6B309}.Release|x86.ActiveCfg = Release|Any CPU
		{412AAAEA-9E73-416B-B747-C38291B6B309}.Release|x86.Build.0 = Release|Any CPU
		{652CEE22-AC00-4C83-951F-B2BDAD9CDC01}.Debug|Any CPU.ActiveCfg = Debug|Any CPU
		{652CEE22-AC00-4C83-951F-B2BDAD9CDC01}.Debug|Any CPU.Build.0 = Debug|Any CPU
		{652CEE22-AC00-4C83-951F-B2BDAD9CDC01}.Debug|x64.ActiveCfg = Debug|Any CPU
		{652CEE22-AC00-4C83-951F-B2BDAD9CDC01}.Debug|x64.Build.0 = Debug|Any CPU
		{652CEE22-AC00-4C83-951F-B2BDAD9CDC01}.Debug|x86.ActiveCfg = Debug|Any CPU
		{652CEE22-AC00-4C83-951F-B2BDAD9CDC01}.Debug|x86.Build.0 = Debug|Any CPU
		{652CEE22-AC00-4C83-951F-B2BDAD9CDC01}.Release|Any CPU.ActiveCfg = Release|Any CPU
		{652CEE22-AC00-4C83-951F-B2BDAD9CDC01}.Release|Any CPU.Build.0 = Release|Any CPU
		{652CEE22-AC00-4C83-951F-B2BDAD9CDC01}.Release|x64.ActiveCfg = Release|Any CPU
		{652CEE22-AC00-4C83-951F-B2BDAD9CDC01}.Release|x64.Build.0 = Release|Any CPU
		{652CEE22-AC00-4C83-951F-B2BDAD9CDC01}.Release|x86.ActiveCfg = Release|Any CPU
		{652CEE22-AC00-4C83-951F-B2BDAD9CDC01}.Release|x86.Build.0 = Release|Any CPU
		{721EAE7C-C99B-43E9-BF02-D9D2D42FA9CD}.Debug|Any CPU.ActiveCfg = Debug|Any CPU
		{721EAE7C-C99B-43E9-BF02-D9D2D42FA9CD}.Debug|Any CPU.Build.0 = Debug|Any CPU
		{721EAE7C-C99B-43E9-BF02-D9D2D42FA9CD}.Debug|x64.ActiveCfg = Debug|Any CPU
		{721EAE7C-C99B-43E9-BF02-D9D2D42FA9CD}.Debug|x64.Build.0 = Debug|Any CPU
		{721EAE7C-C99B-43E9-BF02-D9D2D42FA9CD}.Debug|x86.ActiveCfg = Debug|Any CPU
		{721EAE7C-C99B-43E9-BF02-D9D2D42FA9CD}.Debug|x86.Build.0 = Debug|Any CPU
		{721EAE7C-C99B-43E9-BF02-D9D2D42FA9CD}.Release|Any CPU.ActiveCfg = Release|Any CPU
		{721EAE7C-C99B-43E9-BF02-D9D2D42FA9CD}.Release|Any CPU.Build.0 = Release|Any CPU
		{721EAE7C-C99B-43E9-BF02-D9D2D42FA9CD}.Release|x64.ActiveCfg = Release|Any CPU
		{721EAE7C-C99B-43E9-BF02-D9D2D42FA9CD}.Release|x64.Build.0 = Release|Any CPU
		{721EAE7C-C99B-43E9-BF02-D9D2D42FA9CD}.Release|x86.ActiveCfg = Release|Any CPU
		{721EAE7C-C99B-43E9-BF02-D9D2D42FA9CD}.Release|x86.Build.0 = Release|Any CPU
		{5E40D1F5-16DF-431A-94A2-83AD937BAC03}.Debug|Any CPU.ActiveCfg = Debug|Any CPU
		{5E40D1F5-16DF-431A-94A2-83AD937BAC03}.Debug|Any CPU.Build.0 = Debug|Any CPU
		{5E40D1F5-16DF-431A-94A2-83AD937BAC03}.Debug|x64.ActiveCfg = Debug|Any CPU
		{5E40D1F5-16DF-431A-94A2-83AD937BAC03}.Debug|x64.Build.0 = Debug|Any CPU
		{5E40D1F5-16DF-431A-94A2-83AD937BAC03}.Debug|x86.ActiveCfg = Debug|Any CPU
		{5E40D1F5-16DF-431A-94A2-83AD937BAC03}.Debug|x86.Build.0 = Debug|Any CPU
		{5E40D1F5-16DF-431A-94A2-83AD937BAC03}.Release|Any CPU.ActiveCfg = Release|Any CPU
		{5E40D1F5-16DF-431A-94A2-83AD937BAC03}.Release|Any CPU.Build.0 = Release|Any CPU
		{5E40D1F5-16DF-431A-94A2-83AD937BAC03}.Release|x64.ActiveCfg = Release|Any CPU
		{5E40D1F5-16DF-431A-94A2-83AD937BAC03}.Release|x64.Build.0 = Release|Any CPU
		{5E40D1F5-16DF-431A-94A2-83AD937BAC03}.Release|x86.ActiveCfg = Release|Any CPU
		{5E40D1F5-16DF-431A-94A2-83AD937BAC03}.Release|x86.Build.0 = Release|Any CPU
		{B7D60529-AAAE-4954-BE70-072114A9E8B1}.Debug|Any CPU.ActiveCfg = Debug|Any CPU
		{B7D60529-AAAE-4954-BE70-072114A9E8B1}.Debug|Any CPU.Build.0 = Debug|Any CPU
		{B7D60529-AAAE-4954-BE70-072114A9E8B1}.Debug|x64.ActiveCfg = Debug|Any CPU
		{B7D60529-AAAE-4954-BE70-072114A9E8B1}.Debug|x64.Build.0 = Debug|Any CPU
		{B7D60529-AAAE-4954-BE70-072114A9E8B1}.Debug|x86.ActiveCfg = Debug|Any CPU
		{B7D60529-AAAE-4954-BE70-072114A9E8B1}.Debug|x86.Build.0 = Debug|Any CPU
		{B7D60529-AAAE-4954-BE70-072114A9E8B1}.Release|Any CPU.ActiveCfg = Release|Any CPU
		{B7D60529-AAAE-4954-BE70-072114A9E8B1}.Release|Any CPU.Build.0 = Release|Any CPU
		{B7D60529-AAAE-4954-BE70-072114A9E8B1}.Release|x64.ActiveCfg = Release|Any CPU
		{B7D60529-AAAE-4954-BE70-072114A9E8B1}.Release|x64.Build.0 = Release|Any CPU
		{B7D60529-AAAE-4954-BE70-072114A9E8B1}.Release|x86.ActiveCfg = Release|Any CPU
		{B7D60529-AAAE-4954-BE70-072114A9E8B1}.Release|x86.Build.0 = Release|Any CPU
		{725879A9-46D0-4F08-90C6-F11A40CC5BCE}.Debug|Any CPU.ActiveCfg = Debug|Any CPU
		{725879A9-46D0-4F08-90C6-F11A40CC5BCE}.Debug|Any CPU.Build.0 = Debug|Any CPU
		{725879A9-46D0-4F08-90C6-F11A40CC5BCE}.Debug|x64.ActiveCfg = Debug|Any CPU
		{725879A9-46D0-4F08-90C6-F11A40CC5BCE}.Debug|x64.Build.0 = Debug|Any CPU
		{725879A9-46D0-4F08-90C6-F11A40CC5BCE}.Debug|x86.ActiveCfg = Debug|Any CPU
		{725879A9-46D0-4F08-90C6-F11A40CC5BCE}.Debug|x86.Build.0 = Debug|Any CPU
		{725879A9-46D0-4F08-90C6-F11A40CC5BCE}.Release|Any CPU.ActiveCfg = Release|Any CPU
		{725879A9-46D0-4F08-90C6-F11A40CC5BCE}.Release|Any CPU.Build.0 = Release|Any CPU
		{725879A9-46D0-4F08-90C6-F11A40CC5BCE}.Release|x64.ActiveCfg = Release|Any CPU
		{725879A9-46D0-4F08-90C6-F11A40CC5BCE}.Release|x64.Build.0 = Release|Any CPU
		{725879A9-46D0-4F08-90C6-F11A40CC5BCE}.Release|x86.ActiveCfg = Release|Any CPU
		{725879A9-46D0-4F08-90C6-F11A40CC5BCE}.Release|x86.Build.0 = Release|Any CPU
		{081E7C9E-7171-4C5B-AB79-BB79B67CC63F}.Debug|Any CPU.ActiveCfg = Debug|Any CPU
		{081E7C9E-7171-4C5B-AB79-BB79B67CC63F}.Debug|Any CPU.Build.0 = Debug|Any CPU
		{081E7C9E-7171-4C5B-AB79-BB79B67CC63F}.Debug|x64.ActiveCfg = Debug|Any CPU
		{081E7C9E-7171-4C5B-AB79-BB79B67CC63F}.Debug|x64.Build.0 = Debug|Any CPU
		{081E7C9E-7171-4C5B-AB79-BB79B67CC63F}.Debug|x86.ActiveCfg = Debug|Any CPU
		{081E7C9E-7171-4C5B-AB79-BB79B67CC63F}.Debug|x86.Build.0 = Debug|Any CPU
		{081E7C9E-7171-4C5B-AB79-BB79B67CC63F}.Release|Any CPU.ActiveCfg = Release|Any CPU
		{081E7C9E-7171-4C5B-AB79-BB79B67CC63F}.Release|Any CPU.Build.0 = Release|Any CPU
		{081E7C9E-7171-4C5B-AB79-BB79B67CC63F}.Release|x64.ActiveCfg = Release|Any CPU
		{081E7C9E-7171-4C5B-AB79-BB79B67CC63F}.Release|x64.Build.0 = Release|Any CPU
		{081E7C9E-7171-4C5B-AB79-BB79B67CC63F}.Release|x86.ActiveCfg = Release|Any CPU
		{081E7C9E-7171-4C5B-AB79-BB79B67CC63F}.Release|x86.Build.0 = Release|Any CPU
		{B4C6A876-D5CF-465A-8FEB-92801CBC533F}.Debug|Any CPU.ActiveCfg = Debug|Any CPU
		{B4C6A876-D5CF-465A-8FEB-92801CBC533F}.Debug|Any CPU.Build.0 = Debug|Any CPU
		{B4C6A876-D5CF-465A-8FEB-92801CBC533F}.Debug|x64.ActiveCfg = Debug|Any CPU
		{B4C6A876-D5CF-465A-8FEB-92801CBC533F}.Debug|x64.Build.0 = Debug|Any CPU
		{B4C6A876-D5CF-465A-8FEB-92801CBC533F}.Debug|x86.ActiveCfg = Debug|Any CPU
		{B4C6A876-D5CF-465A-8FEB-92801CBC533F}.Debug|x86.Build.0 = Debug|Any CPU
		{B4C6A876-D5CF-465A-8FEB-92801CBC533F}.Release|Any CPU.ActiveCfg = Release|Any CPU
		{B4C6A876-D5CF-465A-8FEB-92801CBC533F}.Release|Any CPU.Build.0 = Release|Any CPU
		{B4C6A876-D5CF-465A-8FEB-92801CBC533F}.Release|x64.ActiveCfg = Release|Any CPU
		{B4C6A876-D5CF-465A-8FEB-92801CBC533F}.Release|x64.Build.0 = Release|Any CPU
		{B4C6A876-D5CF-465A-8FEB-92801CBC533F}.Release|x86.ActiveCfg = Release|Any CPU
		{B4C6A876-D5CF-465A-8FEB-92801CBC533F}.Release|x86.Build.0 = Release|Any CPU
		{DBB72DA4-CC2B-4B3C-90F7-46CAA18DCC6E}.Debug|Any CPU.ActiveCfg = Debug|Any CPU
		{DBB72DA4-CC2B-4B3C-90F7-46CAA18DCC6E}.Debug|Any CPU.Build.0 = Debug|Any CPU
		{DBB72DA4-CC2B-4B3C-90F7-46CAA18DCC6E}.Debug|x64.ActiveCfg = Debug|Any CPU
		{DBB72DA4-CC2B-4B3C-90F7-46CAA18DCC6E}.Debug|x64.Build.0 = Debug|Any CPU
		{DBB72DA4-CC2B-4B3C-90F7-46CAA18DCC6E}.Debug|x86.ActiveCfg = Debug|Any CPU
		{DBB72DA4-CC2B-4B3C-90F7-46CAA18DCC6E}.Debug|x86.Build.0 = Debug|Any CPU
		{DBB72DA4-CC2B-4B3C-90F7-46CAA18DCC6E}.Release|Any CPU.ActiveCfg = Release|Any CPU
		{DBB72DA4-CC2B-4B3C-90F7-46CAA18DCC6E}.Release|Any CPU.Build.0 = Release|Any CPU
		{DBB72DA4-CC2B-4B3C-90F7-46CAA18DCC6E}.Release|x64.ActiveCfg = Release|Any CPU
		{DBB72DA4-CC2B-4B3C-90F7-46CAA18DCC6E}.Release|x64.Build.0 = Release|Any CPU
		{DBB72DA4-CC2B-4B3C-90F7-46CAA18DCC6E}.Release|x86.ActiveCfg = Release|Any CPU
		{DBB72DA4-CC2B-4B3C-90F7-46CAA18DCC6E}.Release|x86.Build.0 = Release|Any CPU
	EndGlobalSection
	GlobalSection(SolutionProperties) = preSolution
		HideSolutionNode = FALSE
	EndGlobalSection
EndGlobal
