
Microsoft Visual Studio Solution File, Format Version 12.00
# Visual Studio Version 17
VisualStudioVersion = 17.13.35931.197 d17.13
MinimumVisualStudioVersion = 10.0.40219.1
Project("{FAE04EC0-301F-11D3-BF4B-00C04F79EFBC}") = "Day25_4", "Day25_4\Day25_4.csproj", "{5FC9E558-91A6-4918-A0B8-E7417FBD5326}"
EndProject
Global
	GlobalSection(SolutionConfigurationPlatforms) = preSolution
		Debug|Any CPU = Debug|Any CPU
		Release|Any CPU = Release|Any CPU
	EndGlobalSection
	GlobalSection(ProjectConfigurationPlatforms) = postSolution
		{5FC9E558-91A6-4918-A0B8-E7417FBD5326}.Debug|Any CPU.ActiveCfg = Debug|Any CPU
		{5FC9E558-91A6-4918-A0B8-E7417FBD5326}.Debug|Any CPU.Build.0 = Debug|Any CPU
		{5FC9E558-91A6-4918-A0B8-E7417FBD5326}.Release|Any CPU.ActiveCfg = Release|Any CPU
		{5FC9E558-91A6-4918-A0B8-E7417FBD5326}.Release|Any CPU.Build.0 = Release|Any CPU
	EndGlobalSection
	GlobalSection(SolutionProperties) = preSolution
		HideSolutionNode = FALSE
	EndGlobalSection
	GlobalSection(ExtensibilityGlobals) = postSolution
		SolutionGuid = {748D9184-E4FE-404D-A5E3-F01147491D01}
	EndGlobalSection
EndGlobal
