
Microsoft Visual Studio Solution File, Format Version 12.00
# Visual Studio Version 17
VisualStudioVersion = 17.13.35931.197 d17.13
MinimumVisualStudioVersion = 10.0.40219.1
Project("{FAE04EC0-301F-11D3-BF4B-00C04F79EFBC}") = "Day24_2.2", "Day24_2.2\Day24_2.2.csproj", "{9130DC8F-CDC4-497E-887E-6922F52509CB}"
EndProject
Global
	GlobalSection(SolutionConfigurationPlatforms) = preSolution
		Debug|Any CPU = Debug|Any CPU
		Release|Any CPU = Release|Any CPU
	EndGlobalSection
	GlobalSection(ProjectConfigurationPlatforms) = postSolution
		{9130DC8F-CDC4-497E-887E-6922F52509CB}.Debug|Any CPU.ActiveCfg = Debug|Any CPU
		{9130DC8F-CDC4-497E-887E-6922F52509CB}.Debug|Any CPU.Build.0 = Debug|Any CPU
		{9130DC8F-CDC4-497E-887E-6922F52509CB}.Release|Any CPU.ActiveCfg = Release|Any CPU
		{9130DC8F-CDC4-497E-887E-6922F52509CB}.Release|Any CPU.Build.0 = Release|Any CPU
	EndGlobalSection
	GlobalSection(SolutionProperties) = preSolution
		HideSolutionNode = FALSE
	EndGlobalSection
	GlobalSection(ExtensibilityGlobals) = postSolution
		SolutionGuid = {A5739FCF-C697-4356-B9D5-09B8F9808BFC}
	EndGlobalSection
EndGlobal
