
Microsoft Visual Studio Solution File, Format Version 12.00
# Visual Studio Version 17
VisualStudioVersion = 17.13.35931.197 d17.13
MinimumVisualStudioVersion = 10.0.40219.1
Project("{FAE04EC0-301F-11D3-BF4B-00C04F79EFBC}") = "Day30", "Day30\Day30.csproj", "{7C3459DD-F7B4-43B0-9DBF-8C4E621C6410}"
EndProject
Global
	GlobalSection(SolutionConfigurationPlatforms) = preSolution
		Debug|Any CPU = Debug|Any CPU
		Release|Any CPU = Release|Any CPU
	EndGlobalSection
	GlobalSection(ProjectConfigurationPlatforms) = postSolution
		{7C3459DD-F7B4-43B0-9DBF-8C4E621C6410}.Debug|Any CPU.ActiveCfg = Debug|Any CPU
		{7C3459DD-F7B4-43B0-9DBF-8C4E621C6410}.Debug|Any CPU.Build.0 = Debug|Any CPU
		{7C3459DD-F7B4-43B0-9DBF-8C4E621C6410}.Release|Any CPU.ActiveCfg = Release|Any CPU
		{7C3459DD-F7B4-43B0-9DBF-8C4E621C6410}.Release|Any CPU.Build.0 = Release|Any CPU
	EndGlobalSection
	GlobalSection(SolutionProperties) = preSolution
		HideSolutionNode = FALSE
	EndGlobalSection
	GlobalSection(ExtensibilityGlobals) = postSolution
		SolutionGuid = {BEBCEA81-A634-427D-8D01-7B0339B71AD7}
	EndGlobalSection
EndGlobal
