
Microsoft Visual Studio Solution File, Format Version 12.00
# Visual Studio Version 17
VisualStudioVersion = 17.13.35931.197 d17.13
MinimumVisualStudioVersion = 10.0.40219.1
Project("{FAE04EC0-301F-11D3-BF4B-00C04F79EFBC}") = "Day28_2.4", "Day28_2.4\Day28_2.4.csproj", "{9DD2769F-2E23-48E7-959E-B25E2C5D3241}"
EndProject
Global
	GlobalSection(SolutionConfigurationPlatforms) = preSolution
		Debug|Any CPU = Debug|Any CPU
		Release|Any CPU = Release|Any CPU
	EndGlobalSection
	GlobalSection(ProjectConfigurationPlatforms) = postSolution
		{9DD2769F-2E23-48E7-959E-B25E2C5D3241}.Debug|Any CPU.ActiveCfg = Debug|Any CPU
		{9DD2769F-2E23-48E7-959E-B25E2C5D3241}.Debug|Any CPU.Build.0 = Debug|Any CPU
		{9DD2769F-2E23-48E7-959E-B25E2C5D3241}.Release|Any CPU.ActiveCfg = Release|Any CPU
		{9DD2769F-2E23-48E7-959E-B25E2C5D3241}.Release|Any CPU.Build.0 = Release|Any CPU
	EndGlobalSection
	GlobalSection(SolutionProperties) = preSolution
		HideSolutionNode = FALSE
	EndGlobalSection
	GlobalSection(ExtensibilityGlobals) = postSolution
		SolutionGuid = {5984F286-7680-4FD4-95C0-942A6805B9DE}
	EndGlobalSection
EndGlobal
