
Microsoft Visual Studio Solution File, Format Version 12.00
# Visual Studio Version 17
VisualStudioVersion = 17.13.35931.197 d17.13
MinimumVisualStudioVersion = 10.0.40219.1
Project("{FAE04EC0-301F-11D3-BF4B-00C04F79EFBC}") = "Day29_3", "Day29_3\Day29_3.csproj", "{59F170AC-A094-4A74-8669-20A8F4361062}"
EndProject
Global
	GlobalSection(SolutionConfigurationPlatforms) = preSolution
		Debug|Any CPU = Debug|Any CPU
		Release|Any CPU = Release|Any CPU
	EndGlobalSection
	GlobalSection(ProjectConfigurationPlatforms) = postSolution
		{59F170AC-A094-4A74-8669-20A8F4361062}.Debug|Any CPU.ActiveCfg = Debug|Any CPU
		{59F170AC-A094-4A74-8669-20A8F4361062}.Debug|Any CPU.Build.0 = Debug|Any CPU
		{59F170AC-A094-4A74-8669-20A8F4361062}.Release|Any CPU.ActiveCfg = Release|Any CPU
		{59F170AC-A094-4A74-8669-20A8F4361062}.Release|Any CPU.Build.0 = Release|Any CPU
	EndGlobalSection
	GlobalSection(SolutionProperties) = preSolution
		HideSolutionNode = FALSE
	EndGlobalSection
	GlobalSection(ExtensibilityGlobals) = postSolution
		SolutionGuid = {7E9ED752-6F88-45FA-AFB4-A55016606B66}
	EndGlobalSection
EndGlobal
