
Microsoft Visual Studio Solution File, Format Version 12.00
# Visual Studio Version 17
VisualStudioVersion = 17.13.35931.197 d17.13
MinimumVisualStudioVersion = 10.0.40219.1
Project("{FAE04EC0-301F-11D3-BF4B-00C04F79EFBC}") = "Day28_1.1", "Day28_1.1\Day28_1.1.csproj", "{2A44422E-1024-4BE3-AE66-EF4EF2C350BA}"
EndProject
Global
	GlobalSection(SolutionConfigurationPlatforms) = preSolution
		Debug|Any CPU = Debug|Any CPU
		Release|Any CPU = Release|Any CPU
	EndGlobalSection
	GlobalSection(ProjectConfigurationPlatforms) = postSolution
		{2A44422E-1024-4BE3-AE66-EF4EF2C350BA}.Debug|Any CPU.ActiveCfg = Debug|Any CPU
		{2A44422E-1024-4BE3-AE66-EF4EF2C350BA}.Debug|Any CPU.Build.0 = Debug|Any CPU
		{2A44422E-1024-4BE3-AE66-EF4EF2C350BA}.Release|Any CPU.ActiveCfg = Release|Any CPU
		{2A44422E-1024-4BE3-AE66-EF4EF2C350BA}.Release|Any CPU.Build.0 = Release|Any CPU
	EndGlobalSection
	GlobalSection(SolutionProperties) = preSolution
		HideSolutionNode = FALSE
	EndGlobalSection
	GlobalSection(ExtensibilityGlobals) = postSolution
		SolutionGuid = {92FF7253-4DA0-4560-B72D-02297F8160C5}
	EndGlobalSection
EndGlobal
